// !$*UTF8*$!
{
	archiveVersion = 1;
	classes = {
	};
	objectVersion = 55;
	objects = {

/* Begin PBXBuildFile section */
		220612C22892601A0088B646 /* LinkSetupViewController.swift in Sources */ = {isa = PBXBuildFile; fileRef = 220612C12892601A0088B646 /* LinkSetupViewController.swift */; };
		220612C92892604C0088B646 /* LinkSetupView.swift in Sources */ = {isa = PBXBuildFile; fileRef = 220612C82892604C0088B646 /* LinkSetupView.swift */; };
		220612CB28926A9C0088B646 /* InputInfoCell.swift in Sources */ = {isa = PBXBuildFile; fileRef = 220612CA28926A9C0088B646 /* InputInfoCell.swift */; };
		220612CD28926BCC0088B646 /* LinkSetupDataSource.swift in Sources */ = {isa = PBXBuildFile; fileRef = 220612CC28926BCC0088B646 /* LinkSetupDataSource.swift */; };
		220AAC2128A0DF8D00303C14 /* CopyWarning.swift in Sources */ = {isa = PBXBuildFile; fileRef = 220AAC2028A0DF8D00303C14 /* CopyWarning.swift */; };
		220D86BB287778D800F63E73 /* Document.swift in Sources */ = {isa = PBXBuildFile; fileRef = 220D86BA287778D800F63E73 /* Document.swift */; };
		220D86C12878159900F63E73 /* DocumentsDelegate.swift in Sources */ = {isa = PBXBuildFile; fileRef = 220D86C02878159900F63E73 /* DocumentsDelegate.swift */; };
		220D86C4287815E100F63E73 /* DocumentsDataSource.swift in Sources */ = {isa = PBXBuildFile; fileRef = 220D86C3287815E100F63E73 /* DocumentsDataSource.swift */; };
		220F95A82878C00F00A1D30F /* GroupView.swift in Sources */ = {isa = PBXBuildFile; fileRef = 220F95A72878C00F00A1D30F /* GroupView.swift */; };
		220F95AA2878C44600A1D30F /* GroupDataSource.swift in Sources */ = {isa = PBXBuildFile; fileRef = 220F95A92878C44600A1D30F /* GroupDataSource.swift */; };
		220F95AC2878C84000A1D30F /* GroupDelegate.swift in Sources */ = {isa = PBXBuildFile; fileRef = 220F95AB2878C84000A1D30F /* GroupDelegate.swift */; };
		220F95AF287BEF2600A1D30F /* DocumentTagsDataSource.swift in Sources */ = {isa = PBXBuildFile; fileRef = 220F95AE287BEF2600A1D30F /* DocumentTagsDataSource.swift */; };
		220F95B2287C043300A1D30F /* MenuViewControllerDelegate.swift in Sources */ = {isa = PBXBuildFile; fileRef = 220F95B1287C043300A1D30F /* MenuViewControllerDelegate.swift */; };
		220F95B9287C31E800A1D30F /* EditGroupController.swift in Sources */ = {isa = PBXBuildFile; fileRef = 220F95B8287C31E800A1D30F /* EditGroupController.swift */; };
		220F95BB287C320700A1D30F /* EditGroupView.swift in Sources */ = {isa = PBXBuildFile; fileRef = 220F95BA287C320700A1D30F /* EditGroupView.swift */; };
		220F95C0287CB95600A1D30F /* EditGroupCell.swift in Sources */ = {isa = PBXBuildFile; fileRef = 220F95BF287CB95600A1D30F /* EditGroupCell.swift */; };
		220F95C2287CBCA500A1D30F /* UITextField+FontConfig.swift in Sources */ = {isa = PBXBuildFile; fileRef = 220F95C1287CBCA500A1D30F /* UITextField+FontConfig.swift */; };
		220F95C4287CBEC400A1D30F /* EditGroupDataSource.swift in Sources */ = {isa = PBXBuildFile; fileRef = 220F95C3287CBEC400A1D30F /* EditGroupDataSource.swift */; };
		220F95C6287D1CEC00A1D30F /* EditGroupDelegate.swift in Sources */ = {isa = PBXBuildFile; fileRef = 220F95C5287D1CEC00A1D30F /* EditGroupDelegate.swift */; };
		2225C4A12887B5FA0028C376 /* DocumentViewController.swift in Sources */ = {isa = PBXBuildFile; fileRef = 2225C4A02887B5FA0028C376 /* DocumentViewController.swift */; };
		2225C4A32887B62A0028C376 /* DocumentView.swift in Sources */ = {isa = PBXBuildFile; fileRef = 2225C4A22887B62A0028C376 /* DocumentView.swift */; };
		2225C4A52887D01F0028C376 /* LinkCell.swift in Sources */ = {isa = PBXBuildFile; fileRef = 2225C4A42887D01F0028C376 /* LinkCell.swift */; };
		2225C4A72887E60F0028C376 /* LinkInfo.swift in Sources */ = {isa = PBXBuildFile; fileRef = 2225C4A62887E60F0028C376 /* LinkInfo.swift */; };
		2225C4A92887E9FC0028C376 /* LinksDataSource.swift in Sources */ = {isa = PBXBuildFile; fileRef = 2225C4A82887E9FC0028C376 /* LinksDataSource.swift */; };
		2225C4AB2887F3970028C376 /* LinksDelegate.swift in Sources */ = {isa = PBXBuildFile; fileRef = 2225C4AA2887F3970028C376 /* LinksDelegate.swift */; };
		2232980C28AAF9180057E674 /* CategorieSetupViewController.swift in Sources */ = {isa = PBXBuildFile; fileRef = 2232980B28AAF9180057E674 /* CategorieSetupViewController.swift */; };
		2232980E28AAF9530057E674 /* CategorieSetupView.swift in Sources */ = {isa = PBXBuildFile; fileRef = 2232980D28AAF9530057E674 /* CategorieSetupView.swift */; };
		223EB48E2876F2EF006BD32F /* DocumentsCell.swift in Sources */ = {isa = PBXBuildFile; fileRef = 223EB48D2876F2EF006BD32F /* DocumentsCell.swift */; };
		223EB4902876F3D2006BD32F /* TagView.swift in Sources */ = {isa = PBXBuildFile; fileRef = 223EB48F2876F3D2006BD32F /* TagView.swift */; };
		223EB4932876F480006BD32F /* TagConfig.swift in Sources */ = {isa = PBXBuildFile; fileRef = 223EB4922876F480006BD32F /* TagConfig.swift */; };
		223EB4972876F7C9006BD32F /* TagCell.swift in Sources */ = {isa = PBXBuildFile; fileRef = 223EB4962876F7C9006BD32F /* TagCell.swift */; };
		22673DF228AAFE8200BEFC79 /* EditInfoStyle.swift in Sources */ = {isa = PBXBuildFile; fileRef = 22673DF128AAFE8200BEFC79 /* EditInfoStyle.swift */; };
		22673DF528AB0DD600BEFC79 /* CategorieSetupViewControllerDelegate.swift in Sources */ = {isa = PBXBuildFile; fileRef = 22673DF428AB0DD600BEFC79 /* CategorieSetupViewControllerDelegate.swift */; };
		22673DF728AB0DEF00BEFC79 /* CategorieSetupDataSource.swift in Sources */ = {isa = PBXBuildFile; fileRef = 22673DF628AB0DEF00BEFC79 /* CategorieSetupDataSource.swift */; };
		226A327628AC56C5008A7201 /* ColorPickerDelegate.swift in Sources */ = {isa = PBXBuildFile; fileRef = 226A327528AC56C5008A7201 /* ColorPickerDelegate.swift */; };
		226A327828AC5FCE008A7201 /* TextFieldDelegate.swift in Sources */ = {isa = PBXBuildFile; fileRef = 226A327728AC5FCE008A7201 /* TextFieldDelegate.swift */; };
		2298B40928A31E5500AF4AE7 /* CategoriesViewController.swift in Sources */ = {isa = PBXBuildFile; fileRef = 2298B40828A31E5500AF4AE7 /* CategoriesViewController.swift */; };
		2298B40B28A31EBC00AF4AE7 /* CategorieView.swift in Sources */ = {isa = PBXBuildFile; fileRef = 2298B40A28A31EBC00AF4AE7 /* CategorieView.swift */; };
		2298B40E28A325A400AF4AE7 /* CategorieViewType.swift in Sources */ = {isa = PBXBuildFile; fileRef = 2298B40D28A325A400AF4AE7 /* CategorieViewType.swift */; };
		2298B41028A33F1100AF4AE7 /* TagStyle.swift in Sources */ = {isa = PBXBuildFile; fileRef = 2298B40F28A33F1100AF4AE7 /* TagStyle.swift */; };
		22A60A762893BDB300A3727A /* DocumentViewControllerDelegate.swift in Sources */ = {isa = PBXBuildFile; fileRef = 22A60A752893BDB300A3727A /* DocumentViewControllerDelegate.swift */; };
		22A800822894BDC900BA564F /* LinkSetupViewControllerDelegate.swift in Sources */ = {isa = PBXBuildFile; fileRef = 22A800812894BDC900BA564F /* LinkSetupViewControllerDelegate.swift */; };
		22A800852894C7DA00BA564F /* UIImage+AppButton.swift in Sources */ = {isa = PBXBuildFile; fileRef = 22A800842894C7DA00BA564F /* UIImage+AppButton.swift */; };
		22B765612876301800BE6ED1 /* AppDelegate.swift in Sources */ = {isa = PBXBuildFile; fileRef = 22B765602876301800BE6ED1 /* AppDelegate.swift */; };
		22B765632876301800BE6ED1 /* SceneDelegate.swift in Sources */ = {isa = PBXBuildFile; fileRef = 22B765622876301800BE6ED1 /* SceneDelegate.swift */; };
		22B765652876301800BE6ED1 /* MenuViewController.swift in Sources */ = {isa = PBXBuildFile; fileRef = 22B765642876301800BE6ED1 /* MenuViewController.swift */; };
		22B7656B2876301800BE6ED1 /* IT.xcdatamodeld in Sources */ = {isa = PBXBuildFile; fileRef = 22B765692876301800BE6ED1 /* IT.xcdatamodeld */; };
		22B7656D2876301A00BE6ED1 /* Assets.xcassets in Resources */ = {isa = PBXBuildFile; fileRef = 22B7656C2876301A00BE6ED1 /* Assets.xcassets */; };
		22B765702876301A00BE6ED1 /* LaunchScreen.storyboard in Resources */ = {isa = PBXBuildFile; fileRef = 22B7656E2876301A00BE6ED1 /* LaunchScreen.storyboard */; };
		22B7657D2876317100BE6ED1 /* MenuView.swift in Sources */ = {isa = PBXBuildFile; fileRef = 22B7657C2876317100BE6ED1 /* MenuView.swift */; };
		22B76585287639F000BE6ED1 /* AppButton.swift in Sources */ = {isa = PBXBuildFile; fileRef = 22B76584287639F000BE6ED1 /* AppButton.swift */; };
		22B7658928763A5C00BE6ED1 /* UIButton+IconConfig.swift in Sources */ = {isa = PBXBuildFile; fileRef = 22B7658828763A5C00BE6ED1 /* UIButton+IconConfig.swift */; };
		22B7658C28763AA700BE6ED1 /* FontConfig.swift in Sources */ = {isa = PBXBuildFile; fileRef = 22B7658B28763AA700BE6ED1 /* FontConfig.swift */; };
		22B7658E28763DA600BE6ED1 /* IconConfig.swift in Sources */ = {isa = PBXBuildFile; fileRef = 22B7658D28763DA600BE6ED1 /* IconConfig.swift */; };
		22B7659028763E3800BE6ED1 /* UIButton+FontConfig.swift in Sources */ = {isa = PBXBuildFile; fileRef = 22B7658F28763E3800BE6ED1 /* UIButton+FontConfig.swift */; };
		22B7659228766DBF00BE6ED1 /* UILabel+FontConfig.swift in Sources */ = {isa = PBXBuildFile; fileRef = 22B7659128766DBF00BE6ED1 /* UILabel+FontConfig.swift */; };
		22B7659428766E4B00BE6ED1 /* CustomViews.swift in Sources */ = {isa = PBXBuildFile; fileRef = 22B7659328766E4B00BE6ED1 /* CustomViews.swift */; };
/* End PBXBuildFile section */

/* Begin PBXFileReference section */
		220612C12892601A0088B646 /* LinkSetupViewController.swift */ = {isa = PBXFileReference; lastKnownFileType = sourcecode.swift; path = LinkSetupViewController.swift; sourceTree = "<group>"; };
		220612C82892604C0088B646 /* LinkSetupView.swift */ = {isa = PBXFileReference; lastKnownFileType = sourcecode.swift; path = LinkSetupView.swift; sourceTree = "<group>"; };
		220612CA28926A9C0088B646 /* InputInfoCell.swift */ = {isa = PBXFileReference; lastKnownFileType = sourcecode.swift; path = InputInfoCell.swift; sourceTree = "<group>"; };
		220612CC28926BCC0088B646 /* LinkSetupDataSource.swift */ = {isa = PBXFileReference; lastKnownFileType = sourcecode.swift; path = LinkSetupDataSource.swift; sourceTree = "<group>"; };
		220AAC2028A0DF8D00303C14 /* CopyWarning.swift */ = {isa = PBXFileReference; lastKnownFileType = sourcecode.swift; path = CopyWarning.swift; sourceTree = "<group>"; };
		220D86BA287778D800F63E73 /* Document.swift */ = {isa = PBXFileReference; lastKnownFileType = sourcecode.swift; path = Document.swift; sourceTree = "<group>"; };
		220D86C02878159900F63E73 /* DocumentsDelegate.swift */ = {isa = PBXFileReference; lastKnownFileType = sourcecode.swift; path = DocumentsDelegate.swift; sourceTree = "<group>"; };
		220D86C3287815E100F63E73 /* DocumentsDataSource.swift */ = {isa = PBXFileReference; lastKnownFileType = sourcecode.swift; path = DocumentsDataSource.swift; sourceTree = "<group>"; };
		220F95A72878C00F00A1D30F /* GroupView.swift */ = {isa = PBXFileReference; lastKnownFileType = sourcecode.swift; path = GroupView.swift; sourceTree = "<group>"; };
		220F95A92878C44600A1D30F /* GroupDataSource.swift */ = {isa = PBXFileReference; lastKnownFileType = sourcecode.swift; path = GroupDataSource.swift; sourceTree = "<group>"; };
		220F95AB2878C84000A1D30F /* GroupDelegate.swift */ = {isa = PBXFileReference; lastKnownFileType = sourcecode.swift; path = GroupDelegate.swift; sourceTree = "<group>"; };
		220F95AE287BEF2600A1D30F /* DocumentTagsDataSource.swift */ = {isa = PBXFileReference; lastKnownFileType = sourcecode.swift; path = DocumentTagsDataSource.swift; sourceTree = "<group>"; };
		220F95B1287C043300A1D30F /* MenuViewControllerDelegate.swift */ = {isa = PBXFileReference; lastKnownFileType = sourcecode.swift; path = MenuViewControllerDelegate.swift; sourceTree = "<group>"; };
		220F95B8287C31E800A1D30F /* EditGroupController.swift */ = {isa = PBXFileReference; lastKnownFileType = sourcecode.swift; path = EditGroupController.swift; sourceTree = "<group>"; };
		220F95BA287C320700A1D30F /* EditGroupView.swift */ = {isa = PBXFileReference; lastKnownFileType = sourcecode.swift; path = EditGroupView.swift; sourceTree = "<group>"; };
		220F95BF287CB95600A1D30F /* EditGroupCell.swift */ = {isa = PBXFileReference; lastKnownFileType = sourcecode.swift; path = EditGroupCell.swift; sourceTree = "<group>"; };
		220F95C1287CBCA500A1D30F /* UITextField+FontConfig.swift */ = {isa = PBXFileReference; lastKnownFileType = sourcecode.swift; path = "UITextField+FontConfig.swift"; sourceTree = "<group>"; };
		220F95C3287CBEC400A1D30F /* EditGroupDataSource.swift */ = {isa = PBXFileReference; lastKnownFileType = sourcecode.swift; path = EditGroupDataSource.swift; sourceTree = "<group>"; };
		220F95C5287D1CEC00A1D30F /* EditGroupDelegate.swift */ = {isa = PBXFileReference; lastKnownFileType = sourcecode.swift; path = EditGroupDelegate.swift; sourceTree = "<group>"; };
		2225C4A02887B5FA0028C376 /* DocumentViewController.swift */ = {isa = PBXFileReference; lastKnownFileType = sourcecode.swift; path = DocumentViewController.swift; sourceTree = "<group>"; };
		2225C4A22887B62A0028C376 /* DocumentView.swift */ = {isa = PBXFileReference; lastKnownFileType = sourcecode.swift; path = DocumentView.swift; sourceTree = "<group>"; };
		2225C4A42887D01F0028C376 /* LinkCell.swift */ = {isa = PBXFileReference; lastKnownFileType = sourcecode.swift; path = LinkCell.swift; sourceTree = "<group>"; };
		2225C4A62887E60F0028C376 /* LinkInfo.swift */ = {isa = PBXFileReference; lastKnownFileType = sourcecode.swift; path = LinkInfo.swift; sourceTree = "<group>"; };
		2225C4A82887E9FC0028C376 /* LinksDataSource.swift */ = {isa = PBXFileReference; lastKnownFileType = sourcecode.swift; path = LinksDataSource.swift; sourceTree = "<group>"; };
		2225C4AA2887F3970028C376 /* LinksDelegate.swift */ = {isa = PBXFileReference; lastKnownFileType = sourcecode.swift; path = LinksDelegate.swift; sourceTree = "<group>"; };
		2232980B28AAF9180057E674 /* CategorieSetupViewController.swift */ = {isa = PBXFileReference; lastKnownFileType = sourcecode.swift; path = CategorieSetupViewController.swift; sourceTree = "<group>"; };
		2232980D28AAF9530057E674 /* CategorieSetupView.swift */ = {isa = PBXFileReference; lastKnownFileType = sourcecode.swift; path = CategorieSetupView.swift; sourceTree = "<group>"; };
		223EB48D2876F2EF006BD32F /* DocumentsCell.swift */ = {isa = PBXFileReference; lastKnownFileType = sourcecode.swift; path = DocumentsCell.swift; sourceTree = "<group>"; };
		223EB48F2876F3D2006BD32F /* TagView.swift */ = {isa = PBXFileReference; lastKnownFileType = sourcecode.swift; path = TagView.swift; sourceTree = "<group>"; };
		223EB4922876F480006BD32F /* TagConfig.swift */ = {isa = PBXFileReference; lastKnownFileType = sourcecode.swift; path = TagConfig.swift; sourceTree = "<group>"; };
		223EB4962876F7C9006BD32F /* TagCell.swift */ = {isa = PBXFileReference; lastKnownFileType = sourcecode.swift; path = TagCell.swift; sourceTree = "<group>"; };
		22673DF128AAFE8200BEFC79 /* EditInfoStyle.swift */ = {isa = PBXFileReference; lastKnownFileType = sourcecode.swift; path = EditInfoStyle.swift; sourceTree = "<group>"; };
		22673DF428AB0DD600BEFC79 /* CategorieSetupViewControllerDelegate.swift */ = {isa = PBXFileReference; lastKnownFileType = sourcecode.swift; path = CategorieSetupViewControllerDelegate.swift; sourceTree = "<group>"; };
		22673DF628AB0DEF00BEFC79 /* CategorieSetupDataSource.swift */ = {isa = PBXFileReference; lastKnownFileType = sourcecode.swift; path = CategorieSetupDataSource.swift; sourceTree = "<group>"; };
		226A327528AC56C5008A7201 /* ColorPickerDelegate.swift */ = {isa = PBXFileReference; lastKnownFileType = sourcecode.swift; path = ColorPickerDelegate.swift; sourceTree = "<group>"; };
		226A327728AC5FCE008A7201 /* TextFieldDelegate.swift */ = {isa = PBXFileReference; lastKnownFileType = sourcecode.swift; path = TextFieldDelegate.swift; sourceTree = "<group>"; };
		2298B40828A31E5500AF4AE7 /* CategoriesViewController.swift */ = {isa = PBXFileReference; lastKnownFileType = sourcecode.swift; path = CategoriesViewController.swift; sourceTree = "<group>"; };
		2298B40A28A31EBC00AF4AE7 /* CategorieView.swift */ = {isa = PBXFileReference; lastKnownFileType = sourcecode.swift; path = CategorieView.swift; sourceTree = "<group>"; };
		2298B40D28A325A400AF4AE7 /* CategorieViewType.swift */ = {isa = PBXFileReference; lastKnownFileType = sourcecode.swift; path = CategorieViewType.swift; sourceTree = "<group>"; };
		2298B40F28A33F1100AF4AE7 /* TagStyle.swift */ = {isa = PBXFileReference; lastKnownFileType = sourcecode.swift; path = TagStyle.swift; sourceTree = "<group>"; };
		22A60A752893BDB300A3727A /* DocumentViewControllerDelegate.swift */ = {isa = PBXFileReference; lastKnownFileType = sourcecode.swift; path = DocumentViewControllerDelegate.swift; sourceTree = "<group>"; };
		22A800812894BDC900BA564F /* LinkSetupViewControllerDelegate.swift */ = {isa = PBXFileReference; lastKnownFileType = sourcecode.swift; path = LinkSetupViewControllerDelegate.swift; sourceTree = "<group>"; };
		22A800842894C7DA00BA564F /* UIImage+AppButton.swift */ = {isa = PBXFileReference; lastKnownFileType = sourcecode.swift; path = "UIImage+AppButton.swift"; sourceTree = "<group>"; };
		22B7655D2876301800BE6ED1 /* IT.app */ = {isa = PBXFileReference; explicitFileType = wrapper.application; includeInIndex = 0; path = IT.app; sourceTree = BUILT_PRODUCTS_DIR; };
		22B765602876301800BE6ED1 /* AppDelegate.swift */ = {isa = PBXFileReference; lastKnownFileType = sourcecode.swift; path = AppDelegate.swift; sourceTree = "<group>"; };
		22B765622876301800BE6ED1 /* SceneDelegate.swift */ = {isa = PBXFileReference; lastKnownFileType = sourcecode.swift; path = SceneDelegate.swift; sourceTree = "<group>"; };
		22B765642876301800BE6ED1 /* MenuViewController.swift */ = {isa = PBXFileReference; lastKnownFileType = sourcecode.swift; path = MenuViewController.swift; sourceTree = "<group>"; };
		22B7656A2876301800BE6ED1 /* IT.xcdatamodel */ = {isa = PBXFileReference; lastKnownFileType = wrapper.xcdatamodel; path = IT.xcdatamodel; sourceTree = "<group>"; };
		22B7656C2876301A00BE6ED1 /* Assets.xcassets */ = {isa = PBXFileReference; lastKnownFileType = folder.assetcatalog; path = Assets.xcassets; sourceTree = "<group>"; };
		22B7656F2876301A00BE6ED1 /* Base */ = {isa = PBXFileReference; lastKnownFileType = file.storyboard; name = Base; path = Base.lproj/LaunchScreen.storyboard; sourceTree = "<group>"; };
		22B765712876301A00BE6ED1 /* Info.plist */ = {isa = PBXFileReference; lastKnownFileType = text.plist.xml; path = Info.plist; sourceTree = "<group>"; };
		22B7657C2876317100BE6ED1 /* MenuView.swift */ = {isa = PBXFileReference; lastKnownFileType = sourcecode.swift; path = MenuView.swift; sourceTree = "<group>"; };
		22B765832876360600BE6ED1 /* IT.entitlements */ = {isa = PBXFileReference; lastKnownFileType = text.plist.entitlements; path = IT.entitlements; sourceTree = "<group>"; };
		22B76584287639F000BE6ED1 /* AppButton.swift */ = {isa = PBXFileReference; lastKnownFileType = sourcecode.swift; path = AppButton.swift; sourceTree = "<group>"; };
		22B7658828763A5C00BE6ED1 /* UIButton+IconConfig.swift */ = {isa = PBXFileReference; lastKnownFileType = sourcecode.swift; path = "UIButton+IconConfig.swift"; sourceTree = "<group>"; };
		22B7658B28763AA700BE6ED1 /* FontConfig.swift */ = {isa = PBXFileReference; lastKnownFileType = sourcecode.swift; path = FontConfig.swift; sourceTree = "<group>"; };
		22B7658D28763DA600BE6ED1 /* IconConfig.swift */ = {isa = PBXFileReference; lastKnownFileType = sourcecode.swift; path = IconConfig.swift; sourceTree = "<group>"; };
		22B7658F28763E3800BE6ED1 /* UIButton+FontConfig.swift */ = {isa = PBXFileReference; lastKnownFileType = sourcecode.swift; path = "UIButton+FontConfig.swift"; sourceTree = "<group>"; };
		22B7659128766DBF00BE6ED1 /* UILabel+FontConfig.swift */ = {isa = PBXFileReference; lastKnownFileType = sourcecode.swift; path = "UILabel+FontConfig.swift"; sourceTree = "<group>"; };
		22B7659328766E4B00BE6ED1 /* CustomViews.swift */ = {isa = PBXFileReference; lastKnownFileType = sourcecode.swift; path = CustomViews.swift; sourceTree = "<group>"; };
/* End PBXFileReference section */

/* Begin PBXFrameworksBuildPhase section */
		22B7655A2876301800BE6ED1 /* Frameworks */ = {
			isa = PBXFrameworksBuildPhase;
			buildActionMask = 2147483647;
			files = (
			);
			runOnlyForDeploymentPostprocessing = 0;
		};
/* End PBXFrameworksBuildPhase section */

/* Begin PBXGroup section */
		220612C028925FE00088B646 /* LinkSetup */ = {
			isa = PBXGroup;
			children = (
				22A800802894BDB600BA564F /* Protocol */,
				220612C6289260360088B646 /* DataSource */,
				22673DF328AB0C8F00BEFC79 /* View */,
				220612C3289260230088B646 /* Controller */,
			);
			path = LinkSetup;
			sourceTree = "<group>";
		};
		220612C3289260230088B646 /* Controller */ = {
			isa = PBXGroup;
			children = (
				220612C12892601A0088B646 /* LinkSetupViewController.swift */,
			);
			path = Controller;
			sourceTree = "<group>";
		};
		220612C6289260360088B646 /* DataSource */ = {
			isa = PBXGroup;
			children = (
				220612CC28926BCC0088B646 /* LinkSetupDataSource.swift */,
			);
			path = DataSource;
			sourceTree = "<group>";
		};
		220D86B52877765100F63E73 /* Protocol */ = {
			isa = PBXGroup;
			children = (
			);
			path = Protocol;
			sourceTree = "<group>";
		};
		220D86BF2878158500F63E73 /* Delegate */ = {
			isa = PBXGroup;
			children = (
				220D86C02878159900F63E73 /* DocumentsDelegate.swift */,
				220F95AB2878C84000A1D30F /* GroupDelegate.swift */,
			);
			path = Delegate;
			sourceTree = "<group>";
		};
		220D86C2287815CB00F63E73 /* DataSource */ = {
			isa = PBXGroup;
			children = (
				220D86C3287815E100F63E73 /* DocumentsDataSource.swift */,
				220F95A92878C44600A1D30F /* GroupDataSource.swift */,
				220F95AE287BEF2600A1D30F /* DocumentTagsDataSource.swift */,
			);
			path = DataSource;
			sourceTree = "<group>";
		};
		220F95AD287941C800A1D30F /* NewGroup */ = {
			isa = PBXGroup;
			children = (
				220F95BE287CB8E200A1D30F /* Protocol */,
				220F95B5287C318700A1D30F /* DataSource */,
				220F95B3287C317B00A1D30F /* View */,
				220F95B4287C317F00A1D30F /* Controller */,
			);
			path = NewGroup;
			sourceTree = "<group>";
		};
		220F95B0287C041B00A1D30F /* Protocol */ = {
			isa = PBXGroup;
			children = (
				220F95B1287C043300A1D30F /* MenuViewControllerDelegate.swift */,
			);
			path = Protocol;
			sourceTree = "<group>";
		};
		220F95B3287C317B00A1D30F /* View */ = {
			isa = PBXGroup;
			children = (
				220F95B7287C319600A1D30F /* Cell */,
				220F95BA287C320700A1D30F /* EditGroupView.swift */,
			);
			path = View;
			sourceTree = "<group>";
		};
		220F95B4287C317F00A1D30F /* Controller */ = {
			isa = PBXGroup;
			children = (
				220F95B8287C31E800A1D30F /* EditGroupController.swift */,
			);
			path = Controller;
			sourceTree = "<group>";
		};
		220F95B5287C318700A1D30F /* DataSource */ = {
			isa = PBXGroup;
			children = (
				220F95C3287CBEC400A1D30F /* EditGroupDataSource.swift */,
			);
			path = DataSource;
			sourceTree = "<group>";
		};
		220F95B7287C319600A1D30F /* Cell */ = {
			isa = PBXGroup;
			children = (
				220F95BF287CB95600A1D30F /* EditGroupCell.swift */,
			);
			path = Cell;
			sourceTree = "<group>";
		};
		220F95BE287CB8E200A1D30F /* Protocol */ = {
			isa = PBXGroup;
			children = (
				220F95C5287D1CEC00A1D30F /* EditGroupDelegate.swift */,
			);
			path = Protocol;
			sourceTree = "<group>";
		};
		2225C4982887B5A00028C376 /* Docuemnt */ = {
			isa = PBXGroup;
			children = (
				2225C49D2887B5E00028C376 /* Protocol */,
				2225C49C2887B5DA0028C376 /* DataSource */,
				2225C49B2887B5D30028C376 /* Delegate */,
				2225C49A2887B5D00028C376 /* View */,
				2225C4992887B5CB0028C376 /* Controller */,
			);
			path = Docuemnt;
			sourceTree = "<group>";
		};
		2225C4992887B5CB0028C376 /* Controller */ = {
			isa = PBXGroup;
			children = (
				2225C4A02887B5FA0028C376 /* DocumentViewController.swift */,
			);
			path = Controller;
			sourceTree = "<group>";
		};
		2225C49A2887B5D00028C376 /* View */ = {
			isa = PBXGroup;
			children = (
				2225C49E2887B5E60028C376 /* Cell */,
				2225C4A22887B62A0028C376 /* DocumentView.swift */,
				220AAC2028A0DF8D00303C14 /* CopyWarning.swift */,
			);
			path = View;
			sourceTree = "<group>";
		};
		2225C49B2887B5D30028C376 /* Delegate */ = {
			isa = PBXGroup;
			children = (
				2225C4AA2887F3970028C376 /* LinksDelegate.swift */,
			);
			path = Delegate;
			sourceTree = "<group>";
		};
		2225C49C2887B5DA0028C376 /* DataSource */ = {
			isa = PBXGroup;
			children = (
				2225C4A82887E9FC0028C376 /* LinksDataSource.swift */,
			);
			path = DataSource;
			sourceTree = "<group>";
		};
		2225C49D2887B5E00028C376 /* Protocol */ = {
			isa = PBXGroup;
			children = (
				22A60A752893BDB300A3727A /* DocumentViewControllerDelegate.swift */,
			);
			path = Protocol;
			sourceTree = "<group>";
		};
		2225C49E2887B5E60028C376 /* Cell */ = {
			isa = PBXGroup;
			children = (
				2225C4A42887D01F0028C376 /* LinkCell.swift */,
			);
			path = Cell;
			sourceTree = "<group>";
		};
		2232980428AAF8510057E674 /* CategorieSetup */ = {
			isa = PBXGroup;
			children = (
				2232980528AAF8670057E674 /* Protocol */,
				2232980628AAF86F0057E674 /* Delegate */,
				2232980728AAF8740057E674 /* DataSource */,
				2232980828AAF8790057E674 /* View */,
				2232980928AAF87D0057E674 /* Controller */,
			);
			path = CategorieSetup;
			sourceTree = "<group>";
		};
		2232980528AAF8670057E674 /* Protocol */ = {
			isa = PBXGroup;
			children = (
				22673DF428AB0DD600BEFC79 /* CategorieSetupViewControllerDelegate.swift */,
			);
			path = Protocol;
			sourceTree = "<group>";
		};
		2232980628AAF86F0057E674 /* Delegate */ = {
			isa = PBXGroup;
			children = (
				226A327528AC56C5008A7201 /* ColorPickerDelegate.swift */,
				226A327728AC5FCE008A7201 /* TextFieldDelegate.swift */,
			);
			path = Delegate;
			sourceTree = "<group>";
		};
		2232980728AAF8740057E674 /* DataSource */ = {
			isa = PBXGroup;
			children = (
				22673DF628AB0DEF00BEFC79 /* CategorieSetupDataSource.swift */,
			);
			path = DataSource;
			sourceTree = "<group>";
		};
		2232980828AAF8790057E674 /* View */ = {
			isa = PBXGroup;
			children = (
				2232980D28AAF9530057E674 /* CategorieSetupView.swift */,
			);
			path = View;
			sourceTree = "<group>";
		};
		2232980928AAF87D0057E674 /* Controller */ = {
			isa = PBXGroup;
			children = (
				2232980B28AAF9180057E674 /* CategorieSetupViewController.swift */,
			);
			path = Controller;
			sourceTree = "<group>";
		};
		223EB4912876F469006BD32F /* Model */ = {
			isa = PBXGroup;
			children = (
				22673DEC28AAFD7500BEFC79 /* Ui Style */,
				223EB4922876F480006BD32F /* TagConfig.swift */,
				220D86BA287778D800F63E73 /* Document.swift */,
				2225C4A62887E60F0028C376 /* LinkInfo.swift */,
			);
			path = Model;
			sourceTree = "<group>";
		};
		223EB4942876F62C006BD32F /* Cell */ = {
			isa = PBXGroup;
			children = (
				223EB48D2876F2EF006BD32F /* DocumentsCell.swift */,
			);
			path = Cell;
			sourceTree = "<group>";
		};
		223EB4952876F7B6006BD32F /* Cell */ = {
			isa = PBXGroup;
			children = (
				223EB4962876F7C9006BD32F /* TagCell.swift */,
			);
			path = Cell;
			sourceTree = "<group>";
		};
		22673DEC28AAFD7500BEFC79 /* Ui Style */ = {
			isa = PBXGroup;
			children = (
				2298B40F28A33F1100AF4AE7 /* TagStyle.swift */,
			);
			path = "Ui Style";
			sourceTree = "<group>";
		};
		22673DEE28AAFDD000BEFC79 /* EditInfo */ = {
			isa = PBXGroup;
			children = (
				22673DF028AAFE7000BEFC79 /* Model */,
				22673DEF28AAFDDE00BEFC79 /* Cell */,
			);
			path = EditInfo;
			sourceTree = "<group>";
		};
		22673DEF28AAFDDE00BEFC79 /* Cell */ = {
			isa = PBXGroup;
			children = (
				220612CA28926A9C0088B646 /* InputInfoCell.swift */,
			);
			path = Cell;
			sourceTree = "<group>";
		};
		22673DF028AAFE7000BEFC79 /* Model */ = {
			isa = PBXGroup;
			children = (
				22673DF128AAFE8200BEFC79 /* EditInfoStyle.swift */,
			);
			path = Model;
			sourceTree = "<group>";
		};
		22673DF328AB0C8F00BEFC79 /* View */ = {
			isa = PBXGroup;
			children = (
				220612C82892604C0088B646 /* LinkSetupView.swift */,
			);
			path = View;
			sourceTree = "<group>";
		};
		2298B40128A31D7E00AF4AE7 /* Categories */ = {
			isa = PBXGroup;
			children = (
				2298B40C28A3258F00AF4AE7 /* Model */,
				2298B40728A31E3400AF4AE7 /* Protocol */,
				2298B40628A31E2700AF4AE7 /* Delegate */,
				2298B40528A31E1E00AF4AE7 /* DataSource */,
				2298B40328A31E0D00AF4AE7 /* View */,
				2298B40228A31E0700AF4AE7 /* Controller */,
			);
			path = Categories;
			sourceTree = "<group>";
		};
		2298B40228A31E0700AF4AE7 /* Controller */ = {
			isa = PBXGroup;
			children = (
				2298B40828A31E5500AF4AE7 /* CategoriesViewController.swift */,
			);
			path = Controller;
			sourceTree = "<group>";
		};
		2298B40328A31E0D00AF4AE7 /* View */ = {
			isa = PBXGroup;
			children = (
				2298B40428A31E1A00AF4AE7 /* Cell */,
				2298B40A28A31EBC00AF4AE7 /* CategorieView.swift */,
			);
			path = View;
			sourceTree = "<group>";
		};
		2298B40428A31E1A00AF4AE7 /* Cell */ = {
			isa = PBXGroup;
			children = (
			);
			path = Cell;
			sourceTree = "<group>";
		};
		2298B40528A31E1E00AF4AE7 /* DataSource */ = {
			isa = PBXGroup;
			children = (
			);
			path = DataSource;
			sourceTree = "<group>";
		};
		2298B40628A31E2700AF4AE7 /* Delegate */ = {
			isa = PBXGroup;
			children = (
			);
			path = Delegate;
			sourceTree = "<group>";
		};
		2298B40728A31E3400AF4AE7 /* Protocol */ = {
			isa = PBXGroup;
			children = (
			);
			path = Protocol;
			sourceTree = "<group>";
		};
		2298B40C28A3258F00AF4AE7 /* Model */ = {
			isa = PBXGroup;
			children = (
				2298B40D28A325A400AF4AE7 /* CategorieViewType.swift */,
			);
			path = Model;
			sourceTree = "<group>";
		};
		22A800802894BDB600BA564F /* Protocol */ = {
			isa = PBXGroup;
			children = (
				22A800812894BDC900BA564F /* LinkSetupViewControllerDelegate.swift */,
			);
			path = Protocol;
			sourceTree = "<group>";
		};
		22B765542876301800BE6ED1 = {
			isa = PBXGroup;
			children = (
				22B7657F2876331C00BE6ED1 /* Shared */,
				22B7655F2876301800BE6ED1 /* IT */,
				22B7655E2876301800BE6ED1 /* Products */,
			);
			sourceTree = "<group>";
		};
		22B7655E2876301800BE6ED1 /* Products */ = {
			isa = PBXGroup;
			children = (
				22B7655D2876301800BE6ED1 /* IT.app */,
			);
			name = Products;
			sourceTree = "<group>";
		};
		22B7655F2876301800BE6ED1 /* IT */ = {
			isa = PBXGroup;
			children = (
				22B765832876360600BE6ED1 /* IT.entitlements */,
				22B765822876337F00BE6ED1 /* Design Pattern */,
				220D86B52877765100F63E73 /* Protocol */,
				22B765772876302500BE6ED1 /* Delegate */,
				223EB4912876F469006BD32F /* Model */,
				22B7659528766E4F00BE6ED1 /* Views */,
				22B765792876303E00BE6ED1 /* Screens */,
				22B765712876301A00BE6ED1 /* Info.plist */,
			);
			path = IT;
			sourceTree = "<group>";
		};
		22B765772876302500BE6ED1 /* Delegate */ = {
			isa = PBXGroup;
			children = (
				22B765782876302C00BE6ED1 /* System */,
			);
			path = Delegate;
			sourceTree = "<group>";
		};
		22B765782876302C00BE6ED1 /* System */ = {
			isa = PBXGroup;
			children = (
				22B765602876301800BE6ED1 /* AppDelegate.swift */,
				22B765622876301800BE6ED1 /* SceneDelegate.swift */,
			);
			path = System;
			sourceTree = "<group>";
		};
		22B765792876303E00BE6ED1 /* Screens */ = {
			isa = PBXGroup;
			children = (
				22B7656E2876301A00BE6ED1 /* LaunchScreen.storyboard */,
				22B7657A2876306600BE6ED1 /* Menu */,
				220F95AD287941C800A1D30F /* NewGroup */,
				2225C4982887B5A00028C376 /* Docuemnt */,
				220612C028925FE00088B646 /* LinkSetup */,
				2298B40128A31D7E00AF4AE7 /* Categories */,
				2232980428AAF8510057E674 /* CategorieSetup */,
			);
			path = Screens;
			sourceTree = "<group>";
		};
		22B7657A2876306600BE6ED1 /* Menu */ = {
			isa = PBXGroup;
			children = (
				220F95B0287C041B00A1D30F /* Protocol */,
				220D86C2287815CB00F63E73 /* DataSource */,
				220D86BF2878158500F63E73 /* Delegate */,
				22B7657E287632F800BE6ED1 /* Views */,
				22B7657B2876306C00BE6ED1 /* Controller */,
			);
			path = Menu;
			sourceTree = "<group>";
		};
		22B7657B2876306C00BE6ED1 /* Controller */ = {
			isa = PBXGroup;
			children = (
				22B765642876301800BE6ED1 /* MenuViewController.swift */,
			);
			path = Controller;
			sourceTree = "<group>";
		};
		22B7657E287632F800BE6ED1 /* Views */ = {
			isa = PBXGroup;
			children = (
				223EB4942876F62C006BD32F /* Cell */,
				22B7657C2876317100BE6ED1 /* MenuView.swift */,
				220F95A72878C00F00A1D30F /* GroupView.swift */,
			);
			path = Views;
			sourceTree = "<group>";
		};
		22B7657F2876331C00BE6ED1 /* Shared */ = {
			isa = PBXGroup;
			children = (
				22B765812876333300BE6ED1 /* Assets */,
				22B765802876332A00BE6ED1 /* Core Data */,
			);
			path = Shared;
			sourceTree = "<group>";
		};
		22B765802876332A00BE6ED1 /* Core Data */ = {
			isa = PBXGroup;
			children = (
				22B765692876301800BE6ED1 /* IT.xcdatamodeld */,
			);
			path = "Core Data";
			sourceTree = "<group>";
		};
		22B765812876333300BE6ED1 /* Assets */ = {
			isa = PBXGroup;
			children = (
				22B7656C2876301A00BE6ED1 /* Assets.xcassets */,
			);
			path = Assets;
			sourceTree = "<group>";
		};
		22B765822876337F00BE6ED1 /* Design Pattern */ = {
			isa = PBXGroup;
			children = (
				22B7658628763A1500BE6ED1 /* Model */,
				22B7658728763A1E00BE6ED1 /* Extensions */,
			);
			path = "Design Pattern";
			sourceTree = "<group>";
		};
		22B7658628763A1500BE6ED1 /* Model */ = {
			isa = PBXGroup;
			children = (
				22B7658A28763A9600BE6ED1 /* Enum */,
				22B7658B28763AA700BE6ED1 /* FontConfig.swift */,
				22B7658D28763DA600BE6ED1 /* IconConfig.swift */,
			);
			path = Model;
			sourceTree = "<group>";
		};
		22B7658728763A1E00BE6ED1 /* Extensions */ = {
			isa = PBXGroup;
			children = (
				22B7658828763A5C00BE6ED1 /* UIButton+IconConfig.swift */,
				22B7658F28763E3800BE6ED1 /* UIButton+FontConfig.swift */,
				22B7659128766DBF00BE6ED1 /* UILabel+FontConfig.swift */,
				220F95C1287CBCA500A1D30F /* UITextField+FontConfig.swift */,
				22A800842894C7DA00BA564F /* UIImage+AppButton.swift */,
			);
			path = Extensions;
			sourceTree = "<group>";
		};
		22B7658A28763A9600BE6ED1 /* Enum */ = {
			isa = PBXGroup;
			children = (
				22B76584287639F000BE6ED1 /* AppButton.swift */,
			);
			path = Enum;
			sourceTree = "<group>";
		};
		22B7659528766E4F00BE6ED1 /* Views */ = {
			isa = PBXGroup;
			children = (
				22673DEE28AAFDD000BEFC79 /* EditInfo */,
				223EB4952876F7B6006BD32F /* Cell */,
				22B7659328766E4B00BE6ED1 /* CustomViews.swift */,
				223EB48F2876F3D2006BD32F /* TagView.swift */,
			);
			path = Views;
			sourceTree = "<group>";
		};
/* End PBXGroup section */

/* Begin PBXNativeTarget section */
		22B7655C2876301800BE6ED1 /* IT */ = {
			isa = PBXNativeTarget;
			buildConfigurationList = 22B765742876301A00BE6ED1 /* Build configuration list for PBXNativeTarget "IT" */;
			buildPhases = (
				22B765592876301800BE6ED1 /* Sources */,
				22B7655A2876301800BE6ED1 /* Frameworks */,
				22B7655B2876301800BE6ED1 /* Resources */,
			);
			buildRules = (
			);
			dependencies = (
			);
			name = IT;
			productName = IT;
			productReference = 22B7655D2876301800BE6ED1 /* IT.app */;
			productType = "com.apple.product-type.application";
		};
/* End PBXNativeTarget section */

/* Begin PBXProject section */
		22B765552876301800BE6ED1 /* Project object */ = {
			isa = PBXProject;
			attributes = {
				BuildIndependentTargetsInParallel = 1;
				LastSwiftUpdateCheck = 1340;
				LastUpgradeCheck = 1340;
				TargetAttributes = {
					22B7655C2876301800BE6ED1 = {
						CreatedOnToolsVersion = 13.4.1;
					};
				};
			};
			buildConfigurationList = 22B765582876301800BE6ED1 /* Build configuration list for PBXProject "IT" */;
			compatibilityVersion = "Xcode 13.0";
			developmentRegion = en;
			hasScannedForEncodings = 0;
			knownRegions = (
				en,
				Base,
			);
			mainGroup = 22B765542876301800BE6ED1;
			productRefGroup = 22B7655E2876301800BE6ED1 /* Products */;
			projectDirPath = "";
			projectRoot = "";
			targets = (
				22B7655C2876301800BE6ED1 /* IT */,
			);
		};
/* End PBXProject section */

/* Begin PBXResourcesBuildPhase section */
		22B7655B2876301800BE6ED1 /* Resources */ = {
			isa = PBXResourcesBuildPhase;
			buildActionMask = 2147483647;
			files = (
				22B765702876301A00BE6ED1 /* LaunchScreen.storyboard in Resources */,
				22B7656D2876301A00BE6ED1 /* Assets.xcassets in Resources */,
			);
			runOnlyForDeploymentPostprocessing = 0;
		};
/* End PBXResourcesBuildPhase section */

/* Begin PBXSourcesBuildPhase section */
		22B765592876301800BE6ED1 /* Sources */ = {
			isa = PBXSourcesBuildPhase;
			buildActionMask = 2147483647;
			files = (
				220F95C4287CBEC400A1D30F /* EditGroupDataSource.swift in Sources */,
				220AAC2128A0DF8D00303C14 /* CopyWarning.swift in Sources */,
				22673DF528AB0DD600BEFC79 /* CategorieSetupViewControllerDelegate.swift in Sources */,
				22B7658C28763AA700BE6ED1 /* FontConfig.swift in Sources */,
				220F95AF287BEF2600A1D30F /* DocumentTagsDataSource.swift in Sources */,
				22B7657D2876317100BE6ED1 /* MenuView.swift in Sources */,
				2225C4A12887B5FA0028C376 /* DocumentViewController.swift in Sources */,
				2225C4A72887E60F0028C376 /* LinkInfo.swift in Sources */,
				2225C4A92887E9FC0028C376 /* LinksDataSource.swift in Sources */,
				22673DF228AAFE8200BEFC79 /* EditInfoStyle.swift in Sources */,
				22B7656B2876301800BE6ED1 /* IT.xcdatamodeld in Sources */,
				220F95C6287D1CEC00A1D30F /* EditGroupDelegate.swift in Sources */,
				2225C4A32887B62A0028C376 /* DocumentView.swift in Sources */,
				22A800852894C7DA00BA564F /* UIImage+AppButton.swift in Sources */,
				22B7658E28763DA600BE6ED1 /* IconConfig.swift in Sources */,
				223EB4972876F7C9006BD32F /* TagCell.swift in Sources */,
				2298B40B28A31EBC00AF4AE7 /* CategorieView.swift in Sources */,
				220F95AA2878C44600A1D30F /* GroupDataSource.swift in Sources */,
				22B765652876301800BE6ED1 /* MenuViewController.swift in Sources */,
				22B76585287639F000BE6ED1 /* AppButton.swift in Sources */,
				22B765612876301800BE6ED1 /* AppDelegate.swift in Sources */,
				22B7659228766DBF00BE6ED1 /* UILabel+FontConfig.swift in Sources */,
				22A800822894BDC900BA564F /* LinkSetupViewControllerDelegate.swift in Sources */,
				2298B40E28A325A400AF4AE7 /* CategorieViewType.swift in Sources */,
				22B7658928763A5C00BE6ED1 /* UIButton+IconConfig.swift in Sources */,
				223EB4932876F480006BD32F /* TagConfig.swift in Sources */,
				22A60A762893BDB300A3727A /* DocumentViewControllerDelegate.swift in Sources */,
				2232980C28AAF9180057E674 /* CategorieSetupViewController.swift in Sources */,
				22673DF728AB0DEF00BEFC79 /* CategorieSetupDataSource.swift in Sources */,
				223EB4902876F3D2006BD32F /* TagView.swift in Sources */,
				220F95BB287C320700A1D30F /* EditGroupView.swift in Sources */,
				220F95AC2878C84000A1D30F /* GroupDelegate.swift in Sources */,
				220612C92892604C0088B646 /* LinkSetupView.swift in Sources */,
				2232980E28AAF9530057E674 /* CategorieSetupView.swift in Sources */,
				226A327828AC5FCE008A7201 /* TextFieldDelegate.swift in Sources */,
				2225C4AB2887F3970028C376 /* LinksDelegate.swift in Sources */,
				220D86C4287815E100F63E73 /* DocumentsDataSource.swift in Sources */,
				226A327628AC56C5008A7201 /* ColorPickerDelegate.swift in Sources */,
				2298B40928A31E5500AF4AE7 /* CategoriesViewController.swift in Sources */,
				220612CB28926A9C0088B646 /* InputInfoCell.swift in Sources */,
				22B7659428766E4B00BE6ED1 /* CustomViews.swift in Sources */,
				22B7659028763E3800BE6ED1 /* UIButton+FontConfig.swift in Sources */,
				220F95C0287CB95600A1D30F /* EditGroupCell.swift in Sources */,
				223EB48E2876F2EF006BD32F /* DocumentsCell.swift in Sources */,
				220612CD28926BCC0088B646 /* LinkSetupDataSource.swift in Sources */,
				2298B41028A33F1100AF4AE7 /* TagStyle.swift in Sources */,
				22B765632876301800BE6ED1 /* SceneDelegate.swift in Sources */,
				220F95B2287C043300A1D30F /* MenuViewControllerDelegate.swift in Sources */,
				220612C22892601A0088B646 /* LinkSetupViewController.swift in Sources */,
				220D86BB287778D800F63E73 /* Document.swift in Sources */,
				220F95A82878C00F00A1D30F /* GroupView.swift in Sources */,
				2225C4A52887D01F0028C376 /* LinkCell.swift in Sources */,
				220D86C12878159900F63E73 /* DocumentsDelegate.swift in Sources */,
				220F95B9287C31E800A1D30F /* EditGroupController.swift in Sources */,
				220F95C2287CBCA500A1D30F /* UITextField+FontConfig.swift in Sources */,
			);
			runOnlyForDeploymentPostprocessing = 0;
		};
/* End PBXSourcesBuildPhase section */

/* Begin PBXVariantGroup section */
		22B7656E2876301A00BE6ED1 /* LaunchScreen.storyboard */ = {
			isa = PBXVariantGroup;
			children = (
				22B7656F2876301A00BE6ED1 /* Base */,
			);
			name = LaunchScreen.storyboard;
			sourceTree = "<group>";
		};
/* End PBXVariantGroup section */

/* Begin XCBuildConfiguration section */
		22B765722876301A00BE6ED1 /* Debug */ = {
			isa = XCBuildConfiguration;
			buildSettings = {
				ALWAYS_SEARCH_USER_PATHS = NO;
				CLANG_ANALYZER_NONNULL = YES;
				CLANG_ANALYZER_NUMBER_OBJECT_CONVERSION = YES_AGGRESSIVE;
				CLANG_CXX_LANGUAGE_STANDARD = "gnu++17";
				CLANG_ENABLE_MODULES = YES;
				CLANG_ENABLE_OBJC_ARC = YES;
				CLANG_ENABLE_OBJC_WEAK = YES;
				CLANG_WARN_BLOCK_CAPTURE_AUTORELEASING = YES;
				CLANG_WARN_BOOL_CONVERSION = YES;
				CLANG_WARN_COMMA = YES;
				CLANG_WARN_CONSTANT_CONVERSION = YES;
				CLANG_WARN_DEPRECATED_OBJC_IMPLEMENTATIONS = YES;
				CLANG_WARN_DIRECT_OBJC_ISA_USAGE = YES_ERROR;
				CLANG_WARN_DOCUMENTATION_COMMENTS = YES;
				CLANG_WARN_EMPTY_BODY = YES;
				CLANG_WARN_ENUM_CONVERSION = YES;
				CLANG_WARN_INFINITE_RECURSION = YES;
				CLANG_WARN_INT_CONVERSION = YES;
				CLANG_WARN_NON_LITERAL_NULL_CONVERSION = YES;
				CLANG_WARN_OBJC_IMPLICIT_RETAIN_SELF = YES;
				CLANG_WARN_OBJC_LITERAL_CONVERSION = YES;
				CLANG_WARN_OBJC_ROOT_CLASS = YES_ERROR;
				CLANG_WARN_QUOTED_INCLUDE_IN_FRAMEWORK_HEADER = YES;
				CLANG_WARN_RANGE_LOOP_ANALYSIS = YES;
				CLANG_WARN_STRICT_PROTOTYPES = YES;
				CLANG_WARN_SUSPICIOUS_MOVE = YES;
				CLANG_WARN_UNGUARDED_AVAILABILITY = YES_AGGRESSIVE;
				CLANG_WARN_UNREACHABLE_CODE = YES;
				CLANG_WARN__DUPLICATE_METHOD_MATCH = YES;
				COPY_PHASE_STRIP = NO;
				DEBUG_INFORMATION_FORMAT = dwarf;
				ENABLE_STRICT_OBJC_MSGSEND = YES;
				ENABLE_TESTABILITY = YES;
				GCC_C_LANGUAGE_STANDARD = gnu11;
				GCC_DYNAMIC_NO_PIC = NO;
				GCC_NO_COMMON_BLOCKS = YES;
				GCC_OPTIMIZATION_LEVEL = 0;
				GCC_PREPROCESSOR_DEFINITIONS = (
					"DEBUG=1",
					"$(inherited)",
				);
				GCC_WARN_64_TO_32_BIT_CONVERSION = YES;
				GCC_WARN_ABOUT_RETURN_TYPE = YES_ERROR;
				GCC_WARN_UNDECLARED_SELECTOR = YES;
				GCC_WARN_UNINITIALIZED_AUTOS = YES_AGGRESSIVE;
				GCC_WARN_UNUSED_FUNCTION = YES;
				GCC_WARN_UNUSED_VARIABLE = YES;
				IPHONEOS_DEPLOYMENT_TARGET = 14.5;
				MTL_ENABLE_DEBUG_INFO = INCLUDE_SOURCE;
				MTL_FAST_MATH = YES;
				ONLY_ACTIVE_ARCH = YES;
				SDKROOT = iphoneos;
				SWIFT_ACTIVE_COMPILATION_CONDITIONS = DEBUG;
				SWIFT_OPTIMIZATION_LEVEL = "-Onone";
			};
			name = Debug;
		};
		22B765732876301A00BE6ED1 /* Release */ = {
			isa = XCBuildConfiguration;
			buildSettings = {
				ALWAYS_SEARCH_USER_PATHS = NO;
				CLANG_ANALYZER_NONNULL = YES;
				CLANG_ANALYZER_NUMBER_OBJECT_CONVERSION = YES_AGGRESSIVE;
				CLANG_CXX_LANGUAGE_STANDARD = "gnu++17";
				CLANG_ENABLE_MODULES = YES;
				CLANG_ENABLE_OBJC_ARC = YES;
				CLANG_ENABLE_OBJC_WEAK = YES;
				CLANG_WARN_BLOCK_CAPTURE_AUTORELEASING = YES;
				CLANG_WARN_BOOL_CONVERSION = YES;
				CLANG_WARN_COMMA = YES;
				CLANG_WARN_CONSTANT_CONVERSION = YES;
				CLANG_WARN_DEPRECATED_OBJC_IMPLEMENTATIONS = YES;
				CLANG_WARN_DIRECT_OBJC_ISA_USAGE = YES_ERROR;
				CLANG_WARN_DOCUMENTATION_COMMENTS = YES;
				CLANG_WARN_EMPTY_BODY = YES;
				CLANG_WARN_ENUM_CONVERSION = YES;
				CLANG_WARN_INFINITE_RECURSION = YES;
				CLANG_WARN_INT_CONVERSION = YES;
				CLANG_WARN_NON_LITERAL_NULL_CONVERSION = YES;
				CLANG_WARN_OBJC_IMPLICIT_RETAIN_SELF = YES;
				CLANG_WARN_OBJC_LITERAL_CONVERSION = YES;
				CLANG_WARN_OBJC_ROOT_CLASS = YES_ERROR;
				CLANG_WARN_QUOTED_INCLUDE_IN_FRAMEWORK_HEADER = YES;
				CLANG_WARN_RANGE_LOOP_ANALYSIS = YES;
				CLANG_WARN_STRICT_PROTOTYPES = YES;
				CLANG_WARN_SUSPICIOUS_MOVE = YES;
				CLANG_WARN_UNGUARDED_AVAILABILITY = YES_AGGRESSIVE;
				CLANG_WARN_UNREACHABLE_CODE = YES;
				CLANG_WARN__DUPLICATE_METHOD_MATCH = YES;
				COPY_PHASE_STRIP = NO;
				DEBUG_INFORMATION_FORMAT = "dwarf-with-dsym";
				ENABLE_NS_ASSERTIONS = NO;
				ENABLE_STRICT_OBJC_MSGSEND = YES;
				GCC_C_LANGUAGE_STANDARD = gnu11;
				GCC_NO_COMMON_BLOCKS = YES;
				GCC_WARN_64_TO_32_BIT_CONVERSION = YES;
				GCC_WARN_ABOUT_RETURN_TYPE = YES_ERROR;
				GCC_WARN_UNDECLARED_SELECTOR = YES;
				GCC_WARN_UNINITIALIZED_AUTOS = YES_AGGRESSIVE;
				GCC_WARN_UNUSED_FUNCTION = YES;
				GCC_WARN_UNUSED_VARIABLE = YES;
				IPHONEOS_DEPLOYMENT_TARGET = 14.5;
				MTL_ENABLE_DEBUG_INFO = NO;
				MTL_FAST_MATH = YES;
				SDKROOT = iphoneos;
				SWIFT_COMPILATION_MODE = wholemodule;
				SWIFT_OPTIMIZATION_LEVEL = "-O";
				VALIDATE_PRODUCT = YES;
			};
			name = Release;
		};
		22B765752876301A00BE6ED1 /* Debug */ = {
			isa = XCBuildConfiguration;
			buildSettings = {
				ASSETCATALOG_COMPILER_APPICON_NAME = AppIcon;
				ASSETCATALOG_COMPILER_GLOBAL_ACCENT_COLOR_NAME = AccentColor;
				CODE_SIGN_ENTITLEMENTS = IT/IT.entitlements;
				"CODE_SIGN_IDENTITY[sdk=macosx*]" = "Apple Development";
				CODE_SIGN_STYLE = Automatic;
				CURRENT_PROJECT_VERSION = 1;
				DEVELOPMENT_TEAM = 534V229RMK;
				GENERATE_INFOPLIST_FILE = YES;
				INFOPLIST_FILE = IT/Info.plist;
				INFOPLIST_KEY_UIApplicationSupportsIndirectInputEvents = YES;
				INFOPLIST_KEY_UILaunchStoryboardName = LaunchScreen;
				INFOPLIST_KEY_UISupportedInterfaceOrientations = "UIInterfaceOrientationPortrait UIInterfaceOrientationPortraitUpsideDown";
				INFOPLIST_KEY_UISupportedInterfaceOrientations_iPad = "UIInterfaceOrientationPortrait UIInterfaceOrientationPortraitUpsideDown";
				INFOPLIST_KEY_UISupportedInterfaceOrientations_iPhone = UIInterfaceOrientationPortrait;
				LD_RUNPATH_SEARCH_PATHS = (
					"$(inherited)",
					"@executable_path/Frameworks",
				);
				MARKETING_VERSION = 1.0;
				PRODUCT_BUNDLE_IDENTIFIER = GUILHERME.REIS.IT;
				PRODUCT_NAME = "$(TARGET_NAME)";
				SUPPORTS_MACCATALYST = YES;
				SWIFT_EMIT_LOC_STRINGS = YES;
				SWIFT_VERSION = 5.0;
				TARGETED_DEVICE_FAMILY = "1,2,6";
			};
			name = Debug;
		};
		22B765762876301A00BE6ED1 /* Release */ = {
			isa = XCBuildConfiguration;
			buildSettings = {
				ASSETCATALOG_COMPILER_APPICON_NAME = AppIcon;
				ASSETCATALOG_COMPILER_GLOBAL_ACCENT_COLOR_NAME = AccentColor;
				CODE_SIGN_ENTITLEMENTS = IT/IT.entitlements;
				"CODE_SIGN_IDENTITY[sdk=macosx*]" = "Apple Development";
				CODE_SIGN_STYLE = Automatic;
				CURRENT_PROJECT_VERSION = 1;
				DEVELOPMENT_TEAM = 534V229RMK;
				GENERATE_INFOPLIST_FILE = YES;
				INFOPLIST_FILE = IT/Info.plist;
				INFOPLIST_KEY_UIApplicationSupportsIndirectInputEvents = YES;
				INFOPLIST_KEY_UILaunchStoryboardName = LaunchScreen;
				INFOPLIST_KEY_UISupportedInterfaceOrientations = "UIInterfaceOrientationPortrait UIInterfaceOrientationPortraitUpsideDown";
				INFOPLIST_KEY_UISupportedInterfaceOrientations_iPad = "UIInterfaceOrientationPortrait UIInterfaceOrientationPortraitUpsideDown";
				INFOPLIST_KEY_UISupportedInterfaceOrientations_iPhone = UIInterfaceOrientationPortrait;
				LD_RUNPATH_SEARCH_PATHS = (
					"$(inherited)",
					"@executable_path/Frameworks",
				);
				MARKETING_VERSION = 1.0;
				PRODUCT_BUNDLE_IDENTIFIER = GUILHERME.REIS.IT;
				PRODUCT_NAME = "$(TARGET_NAME)";
				SUPPORTS_MACCATALYST = YES;
				SWIFT_EMIT_LOC_STRINGS = YES;
				SWIFT_VERSION = 5.0;
				TARGETED_DEVICE_FAMILY = "1,2,6";
			};
			name = Release;
		};
/* End XCBuildConfiguration section */

/* Begin XCConfigurationList section */
		22B765582876301800BE6ED1 /* Build configuration list for PBXProject "IT" */ = {
			isa = XCConfigurationList;
			buildConfigurations = (
				22B765722876301A00BE6ED1 /* Debug */,
				22B765732876301A00BE6ED1 /* Release */,
			);
			defaultConfigurationIsVisible = 0;
			defaultConfigurationName = Release;
		};
		22B765742876301A00BE6ED1 /* Build configuration list for PBXNativeTarget "IT" */ = {
			isa = XCConfigurationList;
			buildConfigurations = (
				22B765752876301A00BE6ED1 /* Debug */,
				22B765762876301A00BE6ED1 /* Release */,
			);
			defaultConfigurationIsVisible = 0;
			defaultConfigurationName = Release;
		};
/* End XCConfigurationList section */

/* Begin XCVersionGroup section */
		22B765692876301800BE6ED1 /* IT.xcdatamodeld */ = {
			isa = XCVersionGroup;
			children = (
				22B7656A2876301800BE6ED1 /* IT.xcdatamodel */,
			);
			currentVersion = 22B7656A2876301800BE6ED1 /* IT.xcdatamodel */;
			path = IT.xcdatamodeld;
			sourceTree = "<group>";
			versionGroupType = wrapper.xcdatamodel;
		};
/* End XCVersionGroup section */
	};
	rootObject = 22B765552876301800BE6ED1 /* Project object */;
}
